
Microsoft Visual Studio Solution File, Format Version 12.00
# Visual Studio Version 17
VisualStudioVersion = 17.0.31903.59
MinimumVisualStudioVersion = 10.0.40219.1
Project("{9A19103F-16F7-4668-BE54-9A1E7A4F7556}") = "WinformsControls", "src\WinformsControls\WinformsControls.csproj", "{4C73FC98-1A7D-469F-BDC0-F46702CE727E}"
EndProject
Project("{9A19103F-16F7-4668-BE54-9A1E7A4F7556}") = "WinformsTest", "test\WinformsTest\WinformsTest.csproj", "{F94E4260-E1DD-442B-84C8-05B7D7ACCE50}"
EndProject
Global
	GlobalSection(SolutionConfigurationPlatforms) = preSolution
		Debug|Any CPU = Debug|Any CPU
		Release|Any CPU = Release|Any CPU
	EndGlobalSection
	GlobalSection(ProjectConfigurationPlatforms) = postSolution
		{4C73FC98-1A7D-469F-BDC0-F46702CE727E}.Debug|Any CPU.ActiveCfg = Debug|Any CPU
		{4C73FC98-1A7D-469F-BDC0-F46702CE727E}.Debug|Any CPU.Build.0 = Debug|Any CPU
		{4C73FC98-1A7D-469F-BDC0-F46702CE727E}.Release|Any CPU.ActiveCfg = Release|Any CPU
		{4C73FC98-1A7D-469F-BDC0-F46702CE727E}.Release|Any CPU.Build.0 = Release|Any CPU
		{F94E4260-E1DD-442B-84C8-05B7D7ACCE50}.Debug|Any CPU.ActiveCfg = Debug|Any CPU
		{F94E4260-E1DD-442B-84C8-05B7D7ACCE50}.Debug|Any CPU.Build.0 = Debug|Any CPU
		{F94E4260-E1DD-442B-84C8-05B7D7ACCE50}.Release|Any CPU.ActiveCfg = Release|Any CPU
		{F94E4260-E1DD-442B-84C8-05B7D7ACCE50}.Release|Any CPU.Build.0 = Release|Any CPU
	EndGlobalSection
	GlobalSection(SolutionProperties) = preSolution
		HideSolutionNode = FALSE
	EndGlobalSection
	GlobalSection(ExtensibilityGlobals) = postSolution
		SolutionGuid = {77546C86-30E8-43B0-8955-A2CDDDA2B579}
	EndGlobalSection
EndGlobal
